# THIS IS AN AUTOGENERATED FILE. DO NOT EDIT THIS FILE DIRECTLY.
# yarn lockfile v1


sweetalert2@^11.10.1:
  version "11.10.1"
  resolved "https://registry.yarnpkg.com/sweetalert2/-/sweetalert2-11.10.1.tgz#783e18c90bcde72039e26e4b943573e83cf55afe"
  integrity sha512-qu145oBuFfjYr5yZW9OSdG6YmRxDf8CnkgT/sXMfrXGe+asFy2imC2vlaLQ/L/naZ/JZna1MPAY56G4qYM0VUQ==
